
Microsoft Visual Studio Solution File, Format Version 12.00
# Visual Studio Version 16
VisualStudioVersion = 16.0.28803.352
MinimumVisualStudioVersion = 10.0.40219.1
Project("{FAE04EC0-301F-11D3-BF4B-00C04F79EFBC}") = "StringFormatDesigner.UWP", "StringFormatDesigner\StringFormatDesigner.UWP\StringFormatDesigner.UWP.csproj", "{DECD7870-C715-448F-A751-7F9F3167921F}"
EndProject
Project("{FAE04EC0-301F-11D3-BF4B-00C04F79EFBC}") = "StringFormatDesigner.Android", "StringFormatDesigner\StringFormatDesigner.Android\StringFormatDesigner.Android.csproj", "{EA956A2C-AB98-4ED4-94BD-3C57342DFC16}"
EndProject
Project("{FAE04EC0-301F-11D3-BF4B-00C04F79EFBC}") = "StringFormatDesigner.iOS", "StringFormatDesigner\StringFormatDesigner.iOS\StringFormatDesigner.iOS.csproj", "{98035E10-07C1-417D-BAA8-36D590C934BD}"
EndProject
Project("{FAE04EC0-301F-11D3-BF4B-00C04F79EFBC}") = "StringFormatDesigner", "StringFormatDesigner\StringFormatDesigner\StringFormatDesigner.csproj", "{4BBEBD01-B11F-4B99-A0E9-8895448ACB51}"
EndProject
Global
	GlobalSection(SolutionConfigurationPlatforms) = preSolution
		Debug|Any CPU = Debug|Any CPU
		Debug|ARM = Debug|ARM
		Debug|iPhone = Debug|iPhone
		Debug|iPhoneSimulator = Debug|iPhoneSimulator
		Debug|x64 = Debug|x64
		Debug|x86 = Debug|x86
		Release|Any CPU = Release|Any CPU
		Release|ARM = Release|ARM
		Release|iPhone = Release|iPhone
		Release|iPhoneSimulator = Release|iPhoneSimulator
		Release|x64 = Release|x64
		Release|x86 = Release|x86
	EndGlobalSection
	GlobalSection(ProjectConfigurationPlatforms) = postSolution
		{DECD7870-C715-448F-A751-7F9F3167921F}.Debug|Any CPU.ActiveCfg = Debug|x86
		{DECD7870-C715-448F-A751-7F9F3167921F}.Debug|Any CPU.Build.0 = Debug|x86
		{DECD7870-C715-448F-A751-7F9F3167921F}.Debug|Any CPU.Deploy.0 = Debug|x86
		{DECD7870-C715-448F-A751-7F9F3167921F}.Debug|ARM.ActiveCfg = Debug|ARM
		{DECD7870-C715-448F-A751-7F9F3167921F}.Debug|ARM.Build.0 = Debug|ARM
		{DECD7870-C715-448F-A751-7F9F3167921F}.Debug|ARM.Deploy.0 = Debug|ARM
		{DECD7870-C715-448F-A751-7F9F3167921F}.Debug|iPhone.ActiveCfg = Debug|x86
		{DECD7870-C715-448F-A751-7F9F3167921F}.Debug|iPhone.Build.0 = Debug|x86
		{DECD7870-C715-448F-A751-7F9F3167921F}.Debug|iPhone.Deploy.0 = Debug|x86
		{DECD7870-C715-448F-A751-7F9F3167921F}.Debug|iPhoneSimulator.ActiveCfg = Debug|x86
		{DECD7870-C715-448F-A751-7F9F3167921F}.Debug|iPhoneSimulator.Build.0 = Debug|x86
		{DECD7870-C715-448F-A751-7F9F3167921F}.Debug|iPhoneSimulator.Deploy.0 = Debug|x86
		{DECD7870-C715-448F-A751-7F9F3167921F}.Debug|x64.ActiveCfg = Debug|x64
		{DECD7870-C715-448F-A751-7F9F3167921F}.Debug|x64.Build.0 = Debug|x64
		{DECD7870-C715-448F-A751-7F9F3167921F}.Debug|x64.Deploy.0 = Debug|x64
		{DECD7870-C715-448F-A751-7F9F3167921F}.Debug|x86.ActiveCfg = Debug|x86
		{DECD7870-C715-448F-A751-7F9F3167921F}.Debug|x86.Build.0 = Debug|x86
		{DECD7870-C715-448F-A751-7F9F3167921F}.Debug|x86.Deploy.0 = Debug|x86
		{DECD7870-C715-448F-A751-7F9F3167921F}.Release|Any CPU.ActiveCfg = Release|x86
		{DECD7870-C715-448F-A751-7F9F3167921F}.Release|Any CPU.Build.0 = Release|x86
		{DECD7870-C715-448F-A751-7F9F3167921F}.Release|Any CPU.Deploy.0 = Release|x86
		{DECD7870-C715-448F-A751-7F9F3167921F}.Release|ARM.ActiveCfg = Release|ARM
		{DECD7870-C715-448F-A751-7F9F3167921F}.Release|ARM.Build.0 = Release|ARM
		{DECD7870-C715-448F-A751-7F9F3167921F}.Release|ARM.Deploy.0 = Release|ARM
		{DECD7870-C715-448F-A751-7F9F3167921F}.Release|iPhone.ActiveCfg = Release|x86
		{DECD7870-C715-448F-A751-7F9F3167921F}.Release|iPhone.Build.0 = Release|x86
		{DECD7870-C715-448F-A751-7F9F3167921F}.Release|iPhone.Deploy.0 = Release|x86
		{DECD7870-C715-448F-A751-7F9F3167921F}.Release|iPhoneSimulator.ActiveCfg = Release|x86
		{DECD7870-C715-448F-A751-7F9F3167921F}.Release|iPhoneSimulator.Build.0 = Release|x86
		{DECD7870-C715-448F-A751-7F9F3167921F}.Release|iPhoneSimulator.Deploy.0 = Release|x86
		{DECD7870-C715-448F-A751-7F9F3167921F}.Release|x64.ActiveCfg = Release|x64
		{DECD7870-C715-448F-A751-7F9F3167921F}.Release|x64.Build.0 = Release|x64
		{DECD7870-C715-448F-A751-7F9F3167921F}.Release|x64.Deploy.0 = Release|x64
		{DECD7870-C715-448F-A751-7F9F3167921F}.Release|x86.ActiveCfg = Release|x86
		{DECD7870-C715-448F-A751-7F9F3167921F}.Release|x86.Build.0 = Release|x86
		{DECD7870-C715-448F-A751-7F9F3167921F}.Release|x86.Deploy.0 = Release|x86
		{EA956A2C-AB98-4ED4-94BD-3C57342DFC16}.Debug|Any CPU.ActiveCfg = Debug|Any CPU
		{EA956A2C-AB98-4ED4-94BD-3C57342DFC16}.Debug|Any CPU.Build.0 = Debug|Any CPU
		{EA956A2C-AB98-4ED4-94BD-3C57342DFC16}.Debug|Any CPU.Deploy.0 = Debug|Any CPU
		{EA956A2C-AB98-4ED4-94BD-3C57342DFC16}.Debug|ARM.ActiveCfg = Debug|Any CPU
		{EA956A2C-AB98-4ED4-94BD-3C57342DFC16}.Debug|ARM.Build.0 = Debug|Any CPU
		{EA956A2C-AB98-4ED4-94BD-3C57342DFC16}.Debug|ARM.Deploy.0 = Debug|Any CPU
		{EA956A2C-AB98-4ED4-94BD-3C57342DFC16}.Debug|iPhone.ActiveCfg = Debug|Any CPU
		{EA956A2C-AB98-4ED4-94BD-3C57342DFC16}.Debug|iPhone.Build.0 = Debug|Any CPU
		{EA956A2C-AB98-4ED4-94BD-3C57342DFC16}.Debug|iPhone.Deploy.0 = Debug|Any CPU
		{EA956A2C-AB98-4ED4-94BD-3C57342DFC16}.Debug|iPhoneSimulator.ActiveCfg = Debug|Any CPU
		{EA956A2C-AB98-4ED4-94BD-3C57342DFC16}.Debug|iPhoneSimulator.Build.0 = Debug|Any CPU
		{EA956A2C-AB98-4ED4-94BD-3C57342DFC16}.Debug|iPhoneSimulator.Deploy.0 = Debug|Any CPU
		{EA956A2C-AB98-4ED4-94BD-3C57342DFC16}.Debug|x64.ActiveCfg = Debug|Any CPU
		{EA956A2C-AB98-4ED4-94BD-3C57342DFC16}.Debug|x64.Build.0 = Debug|Any CPU
		{EA956A2C-AB98-4ED4-94BD-3C57342DFC16}.Debug|x64.Deploy.0 = Debug|Any CPU
		{EA956A2C-AB98-4ED4-94BD-3C57342DFC16}.Debug|x86.ActiveCfg = Debug|Any CPU
		{EA956A2C-AB98-4ED4-94BD-3C57342DFC16}.Debug|x86.Build.0 = Debug|Any CPU
		{EA956A2C-AB98-4ED4-94BD-3C57342DFC16}.Debug|x86.Deploy.0 = Debug|Any CPU
		{EA956A2C-AB98-4ED4-94BD-3C57342DFC16}.Release|Any CPU.ActiveCfg = Release|Any CPU
		{EA956A2C-AB98-4ED4-94BD-3C57342DFC16}.Release|Any CPU.Build.0 = Release|Any CPU
		{EA956A2C-AB98-4ED4-94BD-3C57342DFC16}.Release|Any CPU.Deploy.0 = Release|Any CPU
		{EA956A2C-AB98-4ED4-94BD-3C57342DFC16}.Release|ARM.ActiveCfg = Release|Any CPU
		{EA956A2C-AB98-4ED4-94BD-3C57342DFC16}.Release|ARM.Build.0 = Release|Any CPU
		{EA956A2C-AB98-4ED4-94BD-3C57342DFC16}.Release|ARM.Deploy.0 = Release|Any CPU
		{EA956A2C-AB98-4ED4-94BD-3C57342DFC16}.Release|iPhone.ActiveCfg = Release|Any CPU
		{EA956A2C-AB98-4ED4-94BD-3C57342DFC16}.Release|iPhone.Build.0 = Release|Any CPU
		{EA956A2C-AB98-4ED4-94BD-3C57342DFC16}.Release|iPhone.Deploy.0 = Release|Any CPU
		{EA956A2C-AB98-4ED4-94BD-3C57342DFC16}.Release|iPhoneSimulator.ActiveCfg = Release|Any CPU
		{EA956A2C-AB98-4ED4-94BD-3C57342DFC16}.Release|iPhoneSimulator.Build.0 = Release|Any CPU
		{EA956A2C-AB98-4ED4-94BD-3C57342DFC16}.Release|iPhoneSimulator.Deploy.0 = Release|Any CPU
		{EA956A2C-AB98-4ED4-94BD-3C57342DFC16}.Release|x64.ActiveCfg = Release|Any CPU
		{EA956A2C-AB98-4ED4-94BD-3C57342DFC16}.Release|x64.Build.0 = Release|Any CPU
		{EA956A2C-AB98-4ED4-94BD-3C57342DFC16}.Release|x64.Deploy.0 = Release|Any CPU
		{EA956A2C-AB98-4ED4-94BD-3C57342DFC16}.Release|x86.ActiveCfg = Release|Any CPU
		{EA956A2C-AB98-4ED4-94BD-3C57342DFC16}.Release|x86.Build.0 = Release|Any CPU
		{EA956A2C-AB98-4ED4-94BD-3C57342DFC16}.Release|x86.Deploy.0 = Release|Any CPU
		{98035E10-07C1-417D-BAA8-36D590C934BD}.Debug|Any CPU.ActiveCfg = Debug|iPhone
		{98035E10-07C1-417D-BAA8-36D590C934BD}.Debug|Any CPU.Build.0 = Debug|iPhone
		{98035E10-07C1-417D-BAA8-36D590C934BD}.Debug|Any CPU.Deploy.0 = Debug|iPhone
		{98035E10-07C1-417D-BAA8-36D590C934BD}.Debug|ARM.ActiveCfg = Debug|iPhoneSimulator
		{98035E10-07C1-417D-BAA8-36D590C934BD}.Debug|ARM.Build.0 = Debug|iPhoneSimulator
		{98035E10-07C1-417D-BAA8-36D590C934BD}.Debug|ARM.Deploy.0 = Debug|iPhoneSimulator
		{98035E10-07C1-417D-BAA8-36D590C934BD}.Debug|iPhone.ActiveCfg = Debug|iPhone
		{98035E10-07C1-417D-BAA8-36D590C934BD}.Debug|iPhone.Build.0 = Debug|iPhone
		{98035E10-07C1-417D-BAA8-36D590C934BD}.Debug|iPhone.Deploy.0 = Debug|iPhone
		{98035E10-07C1-417D-BAA8-36D590C934BD}.Debug|iPhoneSimulator.ActiveCfg = Debug|iPhoneSimulator
		{98035E10-07C1-417D-BAA8-36D590C934BD}.Debug|iPhoneSimulator.Build.0 = Debug|iPhoneSimulator
		{98035E10-07C1-417D-BAA8-36D590C934BD}.Debug|iPhoneSimulator.Deploy.0 = Debug|iPhoneSimulator
		{98035E10-07C1-417D-BAA8-36D590C934BD}.Debug|x64.ActiveCfg = Debug|iPhone
		{98035E10-07C1-417D-BAA8-36D590C934BD}.Debug|x64.Build.0 = Debug|iPhone
		{98035E10-07C1-417D-BAA8-36D590C934BD}.Debug|x64.Deploy.0 = Debug|iPhone
		{98035E10-07C1-417D-BAA8-36D590C934BD}.Debug|x86.ActiveCfg = Debug|iPhone
		{98035E10-07C1-417D-BAA8-36D590C934BD}.Debug|x86.Build.0 = Debug|iPhone
		{98035E10-07C1-417D-BAA8-36D590C934BD}.Debug|x86.Deploy.0 = Debug|iPhone
		{98035E10-07C1-417D-BAA8-36D590C934BD}.Release|Any CPU.ActiveCfg = Release|iPhone
		{98035E10-07C1-417D-BAA8-36D590C934BD}.Release|Any CPU.Build.0 = Release|iPhone
		{98035E10-07C1-417D-BAA8-36D590C934BD}.Release|Any CPU.Deploy.0 = Release|iPhone
		{98035E10-07C1-417D-BAA8-36D590C934BD}.Release|ARM.ActiveCfg = Release|iPhone
		{98035E10-07C1-417D-BAA8-36D590C934BD}.Release|ARM.Build.0 = Release|iPhone
		{98035E10-07C1-417D-BAA8-36D590C934BD}.Release|ARM.Deploy.0 = Release|iPhone
		{98035E10-07C1-417D-BAA8-36D590C934BD}.Release|iPhone.ActiveCfg = Release|iPhone
		{98035E10-07C1-417D-BAA8-36D590C934BD}.Release|iPhone.Build.0 = Release|iPhone
		{98035E10-07C1-417D-BAA8-36D590C934BD}.Release|iPhone.Deploy.0 = Release|iPhone
		{98035E10-07C1-417D-BAA8-36D590C934BD}.Release|iPhoneSimulator.ActiveCfg = Release|iPhoneSimulator
		{98035E10-07C1-417D-BAA8-36D590C934BD}.Release|iPhoneSimulator.Build.0 = Release|iPhoneSimulator
		{98035E10-07C1-417D-BAA8-36D590C934BD}.Release|iPhoneSimulator.Deploy.0 = Release|iPhoneSimulator
		{98035E10-07C1-417D-BAA8-36D590C934BD}.Release|x64.ActiveCfg = Release|iPhone
		{98035E10-07C1-417D-BAA8-36D590C934BD}.Release|x64.Build.0 = Release|iPhone
		{98035E10-07C1-417D-BAA8-36D590C934BD}.Release|x64.Deploy.0 = Release|iPhone
		{98035E10-07C1-417D-BAA8-36D590C934BD}.Release|x86.ActiveCfg = Release|iPhone
		{98035E10-07C1-417D-BAA8-36D590C934BD}.Release|x86.Build.0 = Release|iPhone
		{98035E10-07C1-417D-BAA8-36D590C934BD}.Release|x86.Deploy.0 = Release|iPhone
		{4BBEBD01-B11F-4B99-A0E9-8895448ACB51}.Debug|Any CPU.ActiveCfg = Debug|Any CPU
		{4BBEBD01-B11F-4B99-A0E9-8895448ACB51}.Debug|Any CPU.Build.0 = Debug|Any CPU
		{4BBEBD01-B11F-4B99-A0E9-8895448ACB51}.Debug|Any CPU.Deploy.0 = Debug|Any CPU
		{4BBEBD01-B11F-4B99-A0E9-8895448ACB51}.Debug|ARM.ActiveCfg = Debug|Any CPU
		{4BBEBD01-B11F-4B99-A0E9-8895448ACB51}.Debug|ARM.Build.0 = Debug|Any CPU
		{4BBEBD01-B11F-4B99-A0E9-8895448ACB51}.Debug|ARM.Deploy.0 = Debug|Any CPU
		{4BBEBD01-B11F-4B99-A0E9-8895448ACB51}.Debug|iPhone.ActiveCfg = Debug|Any CPU
		{4BBEBD01-B11F-4B99-A0E9-8895448ACB51}.Debug|iPhone.Build.0 = Debug|Any CPU
		{4BBEBD01-B11F-4B99-A0E9-8895448ACB51}.Debug|iPhone.Deploy.0 = Debug|Any CPU
		{4BBEBD01-B11F-4B99-A0E9-8895448ACB51}.Debug|iPhoneSimulator.ActiveCfg = Debug|Any CPU
		{4BBEBD01-B11F-4B99-A0E9-8895448ACB51}.Debug|iPhoneSimulator.Build.0 = Debug|Any CPU
		{4BBEBD01-B11F-4B99-A0E9-8895448ACB51}.Debug|iPhoneSimulator.Deploy.0 = Debug|Any CPU
		{4BBEBD01-B11F-4B99-A0E9-8895448ACB51}.Debug|x64.ActiveCfg = Debug|Any CPU
		{4BBEBD01-B11F-4B99-A0E9-8895448ACB51}.Debug|x64.Build.0 = Debug|Any CPU
		{4BBEBD01-B11F-4B99-A0E9-8895448ACB51}.Debug|x64.Deploy.0 = Debug|Any CPU
		{4BBEBD01-B11F-4B99-A0E9-8895448ACB51}.Debug|x86.ActiveCfg = Debug|Any CPU
		{4BBEBD01-B11F-4B99-A0E9-8895448ACB51}.Debug|x86.Build.0 = Debug|Any CPU
		{4BBEBD01-B11F-4B99-A0E9-8895448ACB51}.Debug|x86.Deploy.0 = Debug|Any CPU
		{4BBEBD01-B11F-4B99-A0E9-8895448ACB51}.Release|Any CPU.ActiveCfg = Release|Any CPU
		{4BBEBD01-B11F-4B99-A0E9-8895448ACB51}.Release|Any CPU.Build.0 = Release|Any CPU
		{4BBEBD01-B11F-4B99-A0E9-8895448ACB51}.Release|Any CPU.Deploy.0 = Release|Any CPU
		{4BBEBD01-B11F-4B99-A0E9-8895448ACB51}.Release|ARM.ActiveCfg = Release|Any CPU
		{4BBEBD01-B11F-4B99-A0E9-8895448ACB51}.Release|ARM.Build.0 = Release|Any CPU
		{4BBEBD01-B11F-4B99-A0E9-8895448ACB51}.Release|ARM.Deploy.0 = Release|Any CPU
		{4BBEBD01-B11F-4B99-A0E9-8895448ACB51}.Release|iPhone.ActiveCfg = Release|Any CPU
		{4BBEBD01-B11F-4B99-A0E9-8895448ACB51}.Release|iPhone.Build.0 = Release|Any CPU
		{4BBEBD01-B11F-4B99-A0E9-8895448ACB51}.Release|iPhone.Deploy.0 = Release|Any CPU
		{4BBEBD01-B11F-4B99-A0E9-8895448ACB51}.Release|iPhoneSimulator.ActiveCfg = Release|Any CPU
		{4BBEBD01-B11F-4B99-A0E9-8895448ACB51}.Release|iPhoneSimulator.Build.0 = Release|Any CPU
		{4BBEBD01-B11F-4B99-A0E9-8895448ACB51}.Release|iPhoneSimulator.Deploy.0 = Release|Any CPU
		{4BBEBD01-B11F-4B99-A0E9-8895448ACB51}.Release|x64.ActiveCfg = Release|Any CPU
		{4BBEBD01-B11F-4B99-A0E9-8895448ACB51}.Release|x64.Build.0 = Release|Any CPU
		{4BBEBD01-B11F-4B99-A0E9-8895448ACB51}.Release|x64.Deploy.0 = Release|Any CPU
		{4BBEBD01-B11F-4B99-A0E9-8895448ACB51}.Release|x86.ActiveCfg = Release|Any CPU
		{4BBEBD01-B11F-4B99-A0E9-8895448ACB51}.Release|x86.Build.0 = Release|Any CPU
		{4BBEBD01-B11F-4B99-A0E9-8895448ACB51}.Release|x86.Deploy.0 = Release|Any CPU
	EndGlobalSection
	GlobalSection(SolutionProperties) = preSolution
		HideSolutionNode = FALSE
	EndGlobalSection
	GlobalSection(ExtensibilityGlobals) = postSolution
		SolutionGuid = {468A92CB-0B7A-4E70-B7CA-FFECC62E4582}
	EndGlobalSection
EndGlobal
